// !$*UTF8*$!
{
	archiveVersion = 1;
	classes = {
	};
	objectVersion = 50;
	objects = {

/* Begin PBXBuildFile section */
		A121F076212BB18A00D89BBE /* AppDelegate.swift in Sources */ = {isa = PBXBuildFile; fileRef = A121F075212BB18A00D89BBE /* AppDelegate.swift */; };
		A121F078212BB18A00D89BBE /* ViewController.swift in Sources */ = {isa = PBXBuildFile; fileRef = A121F077212BB18A00D89BBE /* ViewController.swift */; };
		A121F07B212BB18A00D89BBE /* Main.storyboard in Resources */ = {isa = PBXBuildFile; fileRef = A121F079212BB18A00D89BBE /* Main.storyboard */; };
		A121F080212BB19100D89BBE /* LaunchScreen.storyboard in Resources */ = {isa = PBXBuildFile; fileRef = A121F07E212BB19100D89BBE /* LaunchScreen.storyboard */; };
		A121F08B212BB19100D89BBE /* PlayingCardTests.swift in Sources */ = {isa = PBXBuildFile; fileRef = A121F08A212BB19100D89BBE /* PlayingCardTests.swift */; };
		A121F096212BB19100D89BBE /* PlayingCardUITests.swift in Sources */ = {isa = PBXBuildFile; fileRef = A121F095212BB19100D89BBE /* PlayingCardUITests.swift */; };
		A121F0A5212BB1DA00D89BBE /* PlayingCard.swift in Sources */ = {isa = PBXBuildFile; fileRef = A121F0A4212BB1DA00D89BBE /* PlayingCard.swift */; };
		A121F0A7212BB50000D89BBE /* PlayingCardDeck.swift in Sources */ = {isa = PBXBuildFile; fileRef = A121F0A6212BB50000D89BBE /* PlayingCardDeck.swift */; };
		A1555455212BC299009988AE /* PlayingCardView.swift in Sources */ = {isa = PBXBuildFile; fileRef = A1555454212BC299009988AE /* PlayingCardView.swift */; };
		A155545B212C03A9009988AE /* Images.xcassets in Resources */ = {isa = PBXBuildFile; fileRef = A155545A212C03A9009988AE /* Images.xcassets */; };
/* End PBXBuildFile section */

/* Begin PBXContainerItemProxy section */
		A121F087212BB19100D89BBE /* PBXContainerItemProxy */ = {
			isa = PBXContainerItemProxy;
			containerPortal = A121F06A212BB18A00D89BBE /* Project object */;
			proxyType = 1;
			remoteGlobalIDString = A121F071212BB18A00D89BBE;
			remoteInfo = PlayingCard;
		};
		A121F092212BB19100D89BBE /* PBXContainerItemProxy */ = {
			isa = PBXContainerItemProxy;
			containerPortal = A121F06A212BB18A00D89BBE /* Project object */;
			proxyType = 1;
			remoteGlobalIDString = A121F071212BB18A00D89BBE;
			remoteInfo = PlayingCard;
		};
/* End PBXContainerItemProxy section */

/* Begin PBXFileReference section */
		A121F072212BB18A00D89BBE /* PlayingCard.app */ = {isa = PBXFileReference; explicitFileType = wrapper.application; includeInIndex = 0; path = PlayingCard.app; sourceTree = BUILT_PRODUCTS_DIR; };
		A121F075212BB18A00D89BBE /* AppDelegate.swift */ = {isa = PBXFileReference; lastKnownFileType = sourcecode.swift; path = AppDelegate.swift; sourceTree = "<group>"; };
		A121F077212BB18A00D89BBE /* ViewController.swift */ = {isa = PBXFileReference; lastKnownFileType = sourcecode.swift; path = ViewController.swift; sourceTree = "<group>"; };
		A121F07A212BB18A00D89BBE /* Base */ = {isa = PBXFileReference; lastKnownFileType = file.storyboard; name = Base; path = Base.lproj/Main.storyboard; sourceTree = "<group>"; };
		A121F07F212BB19100D89BBE /* Base */ = {isa = PBXFileReference; lastKnownFileType = file.storyboard; name = Base; path = Base.lproj/LaunchScreen.storyboard; sourceTree = "<group>"; };
		A121F081212BB19100D89BBE /* Info.plist */ = {isa = PBXFileReference; lastKnownFileType = text.plist.xml; path = Info.plist; sourceTree = "<group>"; };
		A121F086212BB19100D89BBE /* PlayingCardTests.xctest */ = {isa = PBXFileReference; explicitFileType = wrapper.cfbundle; includeInIndex = 0; path = PlayingCardTests.xctest; sourceTree = BUILT_PRODUCTS_DIR; };
		A121F08A212BB19100D89BBE /* PlayingCardTests.swift */ = {isa = PBXFileReference; lastKnownFileType = sourcecode.swift; path = PlayingCardTests.swift; sourceTree = "<group>"; };
		A121F08C212BB19100D89BBE /* Info.plist */ = {isa = PBXFileReference; lastKnownFileType = text.plist.xml; path = Info.plist; sourceTree = "<group>"; };
		A121F091212BB19100D89BBE /* PlayingCardUITests.xctest */ = {isa = PBXFileReference; explicitFileType = wrapper.cfbundle; includeInIndex = 0; path = PlayingCardUITests.xctest; sourceTree = BUILT_PRODUCTS_DIR; };
		A121F095212BB19100D89BBE /* PlayingCardUITests.swift */ = {isa = PBXFileReference; lastKnownFileType = sourcecode.swift; path = PlayingCardUITests.swift; sourceTree = "<group>"; };
		A121F097212BB19100D89BBE /* Info.plist */ = {isa = PBXFileReference; lastKnownFileType = text.plist.xml; path = Info.plist; sourceTree = "<group>"; };
		A121F0A4212BB1DA00D89BBE /* PlayingCard.swift */ = {isa = PBXFileReference; lastKnownFileType = sourcecode.swift; path = PlayingCard.swift; sourceTree = "<group>"; };
		A121F0A6212BB50000D89BBE /* PlayingCardDeck.swift */ = {isa = PBXFileReference; lastKnownFileType = sourcecode.swift; path = PlayingCardDeck.swift; sourceTree = "<group>"; };
		A1555453212BBF73009988AE /* lecture6.md */ = {isa = PBXFileReference; lastKnownFileType = net.daringfireball.markdown; path = lecture6.md; sourceTree = "<group>"; };
		A1555454212BC299009988AE /* PlayingCardView.swift */ = {isa = PBXFileReference; lastKnownFileType = sourcecode.swift; path = PlayingCardView.swift; sourceTree = "<group>"; };
		A155545A212C03A9009988AE /* Images.xcassets */ = {isa = PBXFileReference; lastKnownFileType = folder.assetcatalog; path = Images.xcassets; sourceTree = "<group>"; };
/* End PBXFileReference section */

/* Begin PBXFrameworksBuildPhase section */
		A121F06F212BB18A00D89BBE /* Frameworks */ = {
			isa = PBXFrameworksBuildPhase;
			buildActionMask = 2147483647;
			files = (
			);
			runOnlyForDeploymentPostprocessing = 0;
		};
		A121F083212BB19100D89BBE /* Frameworks */ = {
			isa = PBXFrameworksBuildPhase;
			buildActionMask = 2147483647;
			files = (
			);
			runOnlyForDeploymentPostprocessing = 0;
		};
		A121F08E212BB19100D89BBE /* Frameworks */ = {
			isa = PBXFrameworksBuildPhase;
			buildActionMask = 2147483647;
			files = (
			);
			runOnlyForDeploymentPostprocessing = 0;
		};
/* End PBXFrameworksBuildPhase section */

/* Begin PBXGroup section */
		A121F069212BB18A00D89BBE = {
			isa = PBXGroup;
			children = (
				A121F074212BB18A00D89BBE /* PlayingCard */,
				A121F089212BB19100D89BBE /* PlayingCardTests */,
				A121F094212BB19100D89BBE /* PlayingCardUITests */,
				A121F073212BB18A00D89BBE /* Products */,
			);
			sourceTree = "<group>";
		};
		A121F073212BB18A00D89BBE /* Products */ = {
			isa = PBXGroup;
			children = (
				A121F072212BB18A00D89BBE /* PlayingCard.app */,
				A121F086212BB19100D89BBE /* PlayingCardTests.xctest */,
				A121F091212BB19100D89BBE /* PlayingCardUITests.xctest */,
			);
			name = Products;
			sourceTree = "<group>";
		};
		A121F074212BB18A00D89BBE /* PlayingCard */ = {
			isa = PBXGroup;
			children = (
				A121F077212BB18A00D89BBE /* ViewController.swift */,
				A121F0A4212BB1DA00D89BBE /* PlayingCard.swift */,
				A1555454212BC299009988AE /* PlayingCardView.swift */,
				A121F0A6212BB50000D89BBE /* PlayingCardDeck.swift */,
				A121F079212BB18A00D89BBE /* Main.storyboard */,
				A121F0A3212BB1A200D89BBE /* Supporting Files */,
				A121F081212BB19100D89BBE /* Info.plist */,
				A155545A212C03A9009988AE /* Images.xcassets */,
			);
			path = PlayingCard;
			sourceTree = "<group>";
		};
		A121F089212BB19100D89BBE /* PlayingCardTests */ = {
			isa = PBXGroup;
			children = (
				A121F08A212BB19100D89BBE /* PlayingCardTests.swift */,
				A121F08C212BB19100D89BBE /* Info.plist */,
			);
			path = PlayingCardTests;
			sourceTree = "<group>";
		};
		A121F094212BB19100D89BBE /* PlayingCardUITests */ = {
			isa = PBXGroup;
			children = (
				A121F095212BB19100D89BBE /* PlayingCardUITests.swift */,
				A121F097212BB19100D89BBE /* Info.plist */,
			);
			path = PlayingCardUITests;
			sourceTree = "<group>";
		};
		A121F0A3212BB1A200D89BBE /* Supporting Files */ = {
			isa = PBXGroup;
			children = (
				A121F075212BB18A00D89BBE /* AppDelegate.swift */,
				A121F07E212BB19100D89BBE /* LaunchScreen.storyboard */,
				A1555453212BBF73009988AE /* lecture6.md */,
			);
			path = "Supporting Files";
			sourceTree = "<group>";
		};
/* End PBXGroup section */

/* Begin PBXNativeTarget section */
		A121F071212BB18A00D89BBE /* PlayingCard */ = {
			isa = PBXNativeTarget;
			buildConfigurationList = A121F09A212BB19100D89BBE /* Build configuration list for PBXNativeTarget "PlayingCard" */;
			buildPhases = (
				A121F06E212BB18A00D89BBE /* Sources */,
				A121F06F212BB18A00D89BBE /* Frameworks */,
				A121F070212BB18A00D89BBE /* Resources */,
			);
			buildRules = (
			);
			dependencies = (
			);
			name = PlayingCard;
			productName = PlayingCard;
			productReference = A121F072212BB18A00D89BBE /* PlayingCard.app */;
			productType = "com.apple.product-type.application";
		};
		A121F085212BB19100D89BBE /* PlayingCardTests */ = {
			isa = PBXNativeTarget;
			buildConfigurationList = A121F09D212BB19100D89BBE /* Build configuration list for PBXNativeTarget "PlayingCardTests" */;
			buildPhases = (
				A121F082212BB19100D89BBE /* Sources */,
				A121F083212BB19100D89BBE /* Frameworks */,
				A121F084212BB19100D89BBE /* Resources */,
			);
			buildRules = (
			);
			dependencies = (
				A121F088212BB19100D89BBE /* PBXTargetDependency */,
			);
			name = PlayingCardTests;
			productName = PlayingCardTests;
			productReference = A121F086212BB19100D89BBE /* PlayingCardTests.xctest */;
			productType = "com.apple.product-type.bundle.unit-test";
		};
		A121F090212BB19100D89BBE /* PlayingCardUITests */ = {
			isa = PBXNativeTarget;
			buildConfigurationList = A121F0A0212BB19100D89BBE /* Build configuration list for PBXNativeTarget "PlayingCardUITests" */;
			buildPhases = (
				A121F08D212BB19100D89BBE /* Sources */,
				A121F08E212BB19100D89BBE /* Frameworks */,
				A121F08F212BB19100D89BBE /* Resources */,
			);
			buildRules = (
			);
			dependencies = (
				A121F093212BB19100D89BBE /* PBXTargetDependency */,
			);
			name = PlayingCardUITests;
			productName = PlayingCardUITests;
			productReference = A121F091212BB19100D89BBE /* PlayingCardUITests.xctest */;
			productType = "com.apple.product-type.bundle.ui-testing";
		};
/* End PBXNativeTarget section */

/* Begin PBXProject section */
		A121F06A212BB18A00D89BBE /* Project object */ = {
			isa = PBXProject;
			attributes = {
				LastSwiftUpdateCheck = 0940;
				LastUpgradeCheck = 0940;
				ORGANIZATIONNAME = "임지후";
				TargetAttributes = {
					A121F071212BB18A00D89BBE = {
						CreatedOnToolsVersion = 9.4.1;
					};
					A121F085212BB19100D89BBE = {
						CreatedOnToolsVersion = 9.4.1;
						TestTargetID = A121F071212BB18A00D89BBE;
					};
					A121F090212BB19100D89BBE = {
						CreatedOnToolsVersion = 9.4.1;
						TestTargetID = A121F071212BB18A00D89BBE;
					};
				};
			};
			buildConfigurationList = A121F06D212BB18A00D89BBE /* Build configuration list for PBXProject "PlayingCard" */;
			compatibilityVersion = "Xcode 9.3";
			developmentRegion = en;
			hasScannedForEncodings = 0;
			knownRegions = (
				en,
				Base,
			);
			mainGroup = A121F069212BB18A00D89BBE;
			productRefGroup = A121F073212BB18A00D89BBE /* Products */;
			projectDirPath = "";
			projectRoot = "";
			targets = (
				A121F071212BB18A00D89BBE /* PlayingCard */,
				A121F085212BB19100D89BBE /* PlayingCardTests */,
				A121F090212BB19100D89BBE /* PlayingCardUITests */,
			);
		};
/* End PBXProject section */

/* Begin PBXResourcesBuildPhase section */
		A121F070212BB18A00D89BBE /* Resources */ = {
			isa = PBXResourcesBuildPhase;
			buildActionMask = 2147483647;
			files = (
				A155545B212C03A9009988AE /* Images.xcassets in Resources */,
				A121F080212BB19100D89BBE /* LaunchScreen.storyboard in Resources */,
				A121F07B212BB18A00D89BBE /* Main.storyboard in Resources */,
			);
			runOnlyForDeploymentPostprocessing = 0;
		};
		A121F084212BB19100D89BBE /* Resources */ = {
			isa = PBXResourcesBuildPhase;
			buildActionMask = 2147483647;
			files = (
			);
			runOnlyForDeploymentPostprocessing = 0;
		};
		A121F08F212BB19100D89BBE /* Resources */ = {
			isa = PBXResourcesBuildPhase;
			buildActionMask = 2147483647;
			files = (
			);
			runOnlyForDeploymentPostprocessing = 0;
		};
/* End PBXResourcesBuildPhase section */

/* Begin PBXSourcesBuildPhase section */
		A121F06E212BB18A00D89BBE /* Sources */ = {
			isa = PBXSourcesBuildPhase;
			buildActionMask = 2147483647;
			files = (
				A121F078212BB18A00D89BBE /* ViewController.swift in Sources */,
				A121F0A7212BB50000D89BBE /* PlayingCardDeck.swift in Sources */,
				A121F0A5212BB1DA00D89BBE /* PlayingCard.swift in Sources */,
				A1555455212BC299009988AE /* PlayingCardView.swift in Sources */,
				A121F076212BB18A00D89BBE /* AppDelegate.swift in Sources */,
			);
			runOnlyForDeploymentPostprocessing = 0;
		};
		A121F082212BB19100D89BBE /* Sources */ = {
			isa = PBXSourcesBuildPhase;
			buildActionMask = 2147483647;
			files = (
				A121F08B212BB19100D89BBE /* PlayingCardTests.swift in Sources */,
			);
			runOnlyForDeploymentPostprocessing = 0;
		};
		A121F08D212BB19100D89BBE /* Sources */ = {
			isa = PBXSourcesBuildPhase;
			buildActionMask = 2147483647;
			files = (
				A121F096212BB19100D89BBE /* PlayingCardUITests.swift in Sources */,
			);
			runOnlyForDeploymentPostprocessing = 0;
		};
/* End PBXSourcesBuildPhase section */

/* Begin PBXTargetDependency section */
		A121F088212BB19100D89BBE /* PBXTargetDependency */ = {
			isa = PBXTargetDependency;
			target = A121F071212BB18A00D89BBE /* PlayingCard */;
			targetProxy = A121F087212BB19100D89BBE /* PBXContainerItemProxy */;
		};
		A121F093212BB19100D89BBE /* PBXTargetDependency */ = {
			isa = PBXTargetDependency;
			target = A121F071212BB18A00D89BBE /* PlayingCard */;
			targetProxy = A121F092212BB19100D89BBE /* PBXContainerItemProxy */;
		};
/* End PBXTargetDependency section */

/* Begin PBXVariantGroup section */
		A121F079212BB18A00D89BBE /* Main.storyboard */ = {
			isa = PBXVariantGroup;
			children = (
				A121F07A212BB18A00D89BBE /* Base */,
			);
			name = Main.storyboard;
			sourceTree = "<group>";
		};
		A121F07E212BB19100D89BBE /* LaunchScreen.storyboard */ = {
			isa = PBXVariantGroup;
			children = (
				A121F07F212BB19100D89BBE /* Base */,
			);
			name = LaunchScreen.storyboard;
			sourceTree = "<group>";
		};
/* End PBXVariantGroup section */

/* Begin XCBuildConfiguration section */
		A121F098212BB19100D89BBE /* Debug */ = {
			isa = XCBuildConfiguration;
			buildSettings = {
				ALWAYS_SEARCH_USER_PATHS = NO;
				CLANG_ANALYZER_NONNULL = YES;
				CLANG_ANALYZER_NUMBER_OBJECT_CONVERSION = YES_AGGRESSIVE;
				CLANG_CXX_LANGUAGE_STANDARD = "gnu++14";
				CLANG_CXX_LIBRARY = "libc++";
				CLANG_ENABLE_MODULES = YES;
				CLANG_ENABLE_OBJC_ARC = YES;
				CLANG_ENABLE_OBJC_WEAK = YES;
				CLANG_WARN_BLOCK_CAPTURE_AUTORELEASING = YES;
				CLANG_WARN_BOOL_CONVERSION = YES;
				CLANG_WARN_COMMA = YES;
				CLANG_WARN_CONSTANT_CONVERSION = YES;
				CLANG_WARN_DEPRECATED_OBJC_IMPLEMENTATIONS = YES;
				CLANG_WARN_DIRECT_OBJC_ISA_USAGE = YES_ERROR;
				CLANG_WARN_DOCUMENTATION_COMMENTS = YES;
				CLANG_WARN_EMPTY_BODY = YES;
				CLANG_WARN_ENUM_CONVERSION = YES;
				CLANG_WARN_INFINITE_RECURSION = YES;
				CLANG_WARN_INT_CONVERSION = YES;
				CLANG_WARN_NON_LITERAL_NULL_CONVERSION = YES;
				CLANG_WARN_OBJC_IMPLICIT_RETAIN_SELF = YES;
				CLANG_WARN_OBJC_LITERAL_CONVERSION = YES;
				CLANG_WARN_OBJC_ROOT_CLASS = YES_ERROR;
				CLANG_WARN_RANGE_LOOP_ANALYSIS = YES;
				CLANG_WARN_STRICT_PROTOTYPES = YES;
				CLANG_WARN_SUSPICIOUS_MOVE = YES;
				CLANG_WARN_UNGUARDED_AVAILABILITY = YES_AGGRESSIVE;
				CLANG_WARN_UNREACHABLE_CODE = YES;
				CLANG_WARN__DUPLICATE_METHOD_MATCH = YES;
				CODE_SIGN_IDENTITY = "iPhone Developer";
				COPY_PHASE_STRIP = NO;
				DEBUG_INFORMATION_FORMAT = dwarf;
				ENABLE_STRICT_OBJC_MSGSEND = YES;
				ENABLE_TESTABILITY = YES;
				GCC_C_LANGUAGE_STANDARD = gnu11;
				GCC_DYNAMIC_NO_PIC = NO;
				GCC_NO_COMMON_BLOCKS = YES;
				GCC_OPTIMIZATION_LEVEL = 0;
				GCC_PREPROCESSOR_DEFINITIONS = (
					"DEBUG=1",
					"$(inherited)",
				);
				GCC_WARN_64_TO_32_BIT_CONVERSION = YES;
				GCC_WARN_ABOUT_RETURN_TYPE = YES_ERROR;
				GCC_WARN_UNDECLARED_SELECTOR = YES;
				GCC_WARN_UNINITIALIZED_AUTOS = YES_AGGRESSIVE;
				GCC_WARN_UNUSED_FUNCTION = YES;
				GCC_WARN_UNUSED_VARIABLE = YES;
				IPHONEOS_DEPLOYMENT_TARGET = 11.4;
				MTL_ENABLE_DEBUG_INFO = YES;
				ONLY_ACTIVE_ARCH = YES;
				SDKROOT = iphoneos;
				SWIFT_ACTIVE_COMPILATION_CONDITIONS = DEBUG;
				SWIFT_OPTIMIZATION_LEVEL = "-Onone";
			};
			name = Debug;
		};
		A121F099212BB19100D89BBE /* Release */ = {
			isa = XCBuildConfiguration;
			buildSettings = {
				ALWAYS_SEARCH_USER_PATHS = NO;
				CLANG_ANALYZER_NONNULL = YES;
				CLANG_ANALYZER_NUMBER_OBJECT_CONVERSION = YES_AGGRESSIVE;
				CLANG_CXX_LANGUAGE_STANDARD = "gnu++14";
				CLANG_CXX_LIBRARY = "libc++";
				CLANG_ENABLE_MODULES = YES;
				CLANG_ENABLE_OBJC_ARC = YES;
				CLANG_ENABLE_OBJC_WEAK = YES;
				CLANG_WARN_BLOCK_CAPTURE_AUTORELEASING = YES;
				CLANG_WARN_BOOL_CONVERSION = YES;
				CLANG_WARN_COMMA = YES;
				CLANG_WARN_CONSTANT_CONVERSION = YES;
				CLANG_WARN_DEPRECATED_OBJC_IMPLEMENTATIONS = YES;
				CLANG_WARN_DIRECT_OBJC_ISA_USAGE = YES_ERROR;
				CLANG_WARN_DOCUMENTATION_COMMENTS = YES;
				CLANG_WARN_EMPTY_BODY = YES;
				CLANG_WARN_ENUM_CONVERSION = YES;
				CLANG_WARN_INFINITE_RECURSION = YES;
				CLANG_WARN_INT_CONVERSION = YES;
				CLANG_WARN_NON_LITERAL_NULL_CONVERSION = YES;
				CLANG_WARN_OBJC_IMPLICIT_RETAIN_SELF = YES;
				CLANG_WARN_OBJC_LITERAL_CONVERSION = YES;
				CLANG_WARN_OBJC_ROOT_CLASS = YES_ERROR;
				CLANG_WARN_RANGE_LOOP_ANALYSIS = YES;
				CLANG_WARN_STRICT_PROTOTYPES = YES;
				CLANG_WARN_SUSPICIOUS_MOVE = YES;
				CLANG_WARN_UNGUARDED_AVAILABILITY = YES_AGGRESSIVE;
				CLANG_WARN_UNREACHABLE_CODE = YES;
				CLANG_WARN__DUPLICATE_METHOD_MATCH = YES;
				CODE_SIGN_IDENTITY = "iPhone Developer";
				COPY_PHASE_STRIP = NO;
				DEBUG_INFORMATION_FORMAT = "dwarf-with-dsym";
				ENABLE_NS_ASSERTIONS = NO;
				ENABLE_STRICT_OBJC_MSGSEND = YES;
				GCC_C_LANGUAGE_STANDARD = gnu11;
				GCC_NO_COMMON_BLOCKS = YES;
				GCC_WARN_64_TO_32_BIT_CONVERSION = YES;
				GCC_WARN_ABOUT_RETURN_TYPE = YES_ERROR;
				GCC_WARN_UNDECLARED_SELECTOR = YES;
				GCC_WARN_UNINITIALIZED_AUTOS = YES_AGGRESSIVE;
				GCC_WARN_UNUSED_FUNCTION = YES;
				GCC_WARN_UNUSED_VARIABLE = YES;
				IPHONEOS_DEPLOYMENT_TARGET = 11.4;
				MTL_ENABLE_DEBUG_INFO = NO;
				SDKROOT = iphoneos;
				SWIFT_COMPILATION_MODE = wholemodule;
				SWIFT_OPTIMIZATION_LEVEL = "-O";
				VALIDATE_PRODUCT = YES;
			};
			name = Release;
		};
		A121F09B212BB19100D89BBE /* Debug */ = {
			isa = XCBuildConfiguration;
			buildSettings = {
				ASSETCATALOG_COMPILER_APPICON_NAME = AppIcon;
				CODE_SIGN_STYLE = Automatic;
				DEVELOPMENT_TEAM = DM5TANDD6U;
				INFOPLIST_FILE = PlayingCard/Info.plist;
				LD_RUNPATH_SEARCH_PATHS = (
					"$(inherited)",
					"@executable_path/Frameworks",
				);
				PRODUCT_BUNDLE_IDENTIFIER = com.swift.PlayingCard;
				PRODUCT_NAME = "$(TARGET_NAME)";
				SWIFT_VERSION = 4.0;
				TARGETED_DEVICE_FAMILY = "1,2";
			};
			name = Debug;
		};
		A121F09C212BB19100D89BBE /* Release */ = {
			isa = XCBuildConfiguration;
			buildSettings = {
				ASSETCATALOG_COMPILER_APPICON_NAME = AppIcon;
				CODE_SIGN_STYLE = Automatic;
				DEVELOPMENT_TEAM = DM5TANDD6U;
				INFOPLIST_FILE = PlayingCard/Info.plist;
				LD_RUNPATH_SEARCH_PATHS = (
					"$(inherited)",
					"@executable_path/Frameworks",
				);
				PRODUCT_BUNDLE_IDENTIFIER = com.swift.PlayingCard;
				PRODUCT_NAME = "$(TARGET_NAME)";
				SWIFT_VERSION = 4.0;
				TARGETED_DEVICE_FAMILY = "1,2";
			};
			name = Release;
		};
		A121F09E212BB19100D89BBE /* Debug */ = {
			isa = XCBuildConfiguration;
			buildSettings = {
				ALWAYS_EMBED_SWIFT_STANDARD_LIBRARIES = YES;
				BUNDLE_LOADER = "$(TEST_HOST)";
				CODE_SIGN_STYLE = Automatic;
				DEVELOPMENT_TEAM = DM5TANDD6U;
				INFOPLIST_FILE = PlayingCardTests/Info.plist;
				LD_RUNPATH_SEARCH_PATHS = (
					"$(inherited)",
					"@executable_path/Frameworks",
					"@loader_path/Frameworks",
				);
				PRODUCT_BUNDLE_IDENTIFIER = com.swift.PlayingCardTests;
				PRODUCT_NAME = "$(TARGET_NAME)";
				SWIFT_VERSION = 4.0;
				TARGETED_DEVICE_FAMILY = "1,2";
				TEST_HOST = "$(BUILT_PRODUCTS_DIR)/PlayingCard.app/PlayingCard";
			};
			name = Debug;
		};
		A121F09F212BB19100D89BBE /* Release */ = {
			isa = XCBuildConfiguration;
			buildSettings = {
				ALWAYS_EMBED_SWIFT_STANDARD_LIBRARIES = YES;
				BUNDLE_LOADER = "$(TEST_HOST)";
				CODE_SIGN_STYLE = Automatic;
				DEVELOPMENT_TEAM = DM5TANDD6U;
				INFOPLIST_FILE = PlayingCardTests/Info.plist;
				LD_RUNPATH_SEARCH_PATHS = (
					"$(inherited)",
					"@executable_path/Frameworks",
					"@loader_path/Frameworks",
				);
				PRODUCT_BUNDLE_IDENTIFIER = com.swift.PlayingCardTests;
				PRODUCT_NAME = "$(TARGET_NAME)";
				SWIFT_VERSION = 4.0;
				TARGETED_DEVICE_FAMILY = "1,2";
				TEST_HOST = "$(BUILT_PRODUCTS_DIR)/PlayingCard.app/PlayingCard";
			};
			name = Release;
		};
		A121F0A1212BB19100D89BBE /* Debug */ = {
			isa = XCBuildConfiguration;
			buildSettings = {
				ALWAYS_EMBED_SWIFT_STANDARD_LIBRARIES = YES;
				CODE_SIGN_STYLE = Automatic;
				DEVELOPMENT_TEAM = DM5TANDD6U;
				INFOPLIST_FILE = PlayingCardUITests/Info.plist;
				LD_RUNPATH_SEARCH_PATHS = (
					"$(inherited)",
					"@executable_path/Frameworks",
					"@loader_path/Frameworks",
				);
				PRODUCT_BUNDLE_IDENTIFIER = com.swift.PlayingCardUITests;
				PRODUCT_NAME = "$(TARGET_NAME)";
				SWIFT_VERSION = 4.0;
				TARGETED_DEVICE_FAMILY = "1,2";
				TEST_TARGET_NAME = PlayingCard;
			};
			name = Debug;
		};
		A121F0A2212BB19100D89BBE /* Release */ = {
			isa = XCBuildConfiguration;
			buildSettings = {
				ALWAYS_EMBED_SWIFT_STANDARD_LIBRARIES = YES;
				CODE_SIGN_STYLE = Automatic;
				DEVELOPMENT_TEAM = DM5TANDD6U;
				INFOPLIST_FILE = PlayingCardUITests/Info.plist;
				LD_RUNPATH_SEARCH_PATHS = (
					"$(inherited)",
					"@executable_path/Frameworks",
					"@loader_path/Frameworks",
				);
				PRODUCT_BUNDLE_IDENTIFIER = com.swift.PlayingCardUITests;
				PRODUCT_NAME = "$(TARGET_NAME)";
				SWIFT_VERSION = 4.0;
				TARGETED_DEVICE_FAMILY = "1,2";
				TEST_TARGET_NAME = PlayingCard;
			};
			name = Release;
		};
/* End XCBuildConfiguration section */

/* Begin XCConfigurationList section */
		A121F06D212BB18A00D89BBE /* Build configuration list for PBXProject "PlayingCard" */ = {
			isa = XCConfigurationList;
			buildConfigurations = (
				A121F098212BB19100D89BBE /* Debug */,
				A121F099212BB19100D89BBE /* Release */,
			);
			defaultConfigurationIsVisible = 0;
			defaultConfigurationName = Release;
		};
		A121F09A212BB19100D89BBE /* Build configuration list for PBXNativeTarget "PlayingCard" */ = {
			isa = XCConfigurationList;
			buildConfigurations = (
				A121F09B212BB19100D89BBE /* Debug */,
				A121F09C212BB19100D89BBE /* Release */,
			);
			defaultConfigurationIsVisible = 0;
			defaultConfigurationName = Release;
		};
		A121F09D212BB19100D89BBE /* Build configuration list for PBXNativeTarget "PlayingCardTests" */ = {
			isa = XCConfigurationList;
			buildConfigurations = (
				A121F09E212BB19100D89BBE /* Debug */,
				A121F09F212BB19100D89BBE /* Release */,
			);
			defaultConfigurationIsVisible = 0;
			defaultConfigurationName = Release;
		};
		A121F0A0212BB19100D89BBE /* Build configuration list for PBXNativeTarget "PlayingCardUITests" */ = {
			isa = XCConfigurationList;
			buildConfigurations = (
				A121F0A1212BB19100D89BBE /* Debug */,
				A121F0A2212BB19100D89BBE /* Release */,
			);
			defaultConfigurationIsVisible = 0;
			defaultConfigurationName = Release;
		};
/* End XCConfigurationList section */
	};
	rootObject = A121F06A212BB18A00D89BBE /* Project object */;
}
